<?xml version="1.0" encoding="UTF-8"?>
<Project ToolsVersion="15.0" xmlns="http://schemas.microsoft.com/developer/msbuild/2003">
  <ItemGroup>
    <CustomBuild Include="C:\citraw\CMakeFiles\a9b9ea1fadc9cef4c15c77a6e2eced58\RUN_TESTS_force.rule">
      <Filter>Other Files</Filter>
    </CustomBuild>
  </ItemGroup>
  <ItemGroup>
    <Filter Include="Other Files">
      <UniqueIdentifier>{66AF7118-DDE2-31CE-A021-3D952A98F1CB}</UniqueIdentifier>
    </Filter>
  </ItemGroup>
</Project>
