Microsoft Visual Studio Solution File, Format Version 12.00
# Visual Studio 15
Project("{8BC9CEB8-8B4A-11D0-8D11-00A0C91BC942}") = "ALL_BUILD", "ALL_BUILD.vcxproj", "{2B8FDAD8-BB75-36D9-9396-BE3A2923B4F8}"
	ProjectSection(ProjectDependencies) = postProject
		{4C90B5C6-BD21-3CEE-9D10-A23D44AD6EA8} = {4C90B5C6-BD21-3CEE-9D10-A23D44AD6EA8}
		{FF076AC6-6A21-3253-9CEB-BE630C8EB4D3} = {FF076AC6-6A21-3253-9CEB-BE630C8EB4D3}
		{8159E197-3634-3AC0-9B0B-BE2D6FEE7D0B} = {8159E197-3634-3AC0-9B0B-BE2D6FEE7D0B}
		{27694D1B-0429-360A-9707-64F884738010} = {27694D1B-0429-360A-9707-64F884738010}
		{33DD0332-7FF6-3AF2-8257-F503CDEC4742} = {33DD0332-7FF6-3AF2-8257-F503CDEC4742}
		{4E61BBE8-FF8F-36D2-8183-E4632D73075D} = {4E61BBE8-FF8F-36D2-8183-E4632D73075D}
		{9C3A2B53-4C91-38E7-A2FE-BA679B371489} = {9C3A2B53-4C91-38E7-A2FE-BA679B371489}
		{D5C6C90F-3BB7-3956-B2D0-7C8B44B86B9C} = {D5C6C90F-3BB7-3956-B2D0-7C8B44B86B9C}
		{782B3F9B-ED7B-377B-8EB4-490464915939} = {782B3F9B-ED7B-377B-8EB4-490464915939}
		{08FA151D-98FD-3811-BCE7-DD21BCA79561} = {08FA151D-98FD-3811-BCE7-DD21BCA79561}
		{1F68E14B-4832-35B3-8D6A-9A8C3470D0E7} = {1F68E14B-4832-35B3-8D6A-9A8C3470D0E7}
		{6F54CDA6-BAAB-3642-A595-AB5302D48E1B} = {6F54CDA6-BAAB-3642-A595-AB5302D48E1B}
		{5D3BDF17-49BC-3F84-92CC-FFA52EF34528} = {5D3BDF17-49BC-3F84-92CC-FFA52EF34528}
		{BF1A78B8-6379-37D2-B6C5-D9911EE56BA2} = {BF1A78B8-6379-37D2-B6C5-D9911EE56BA2}
	EndProjectSection
EndProject
Project("{8BC9CEB8-8B4A-11D0-8D11-00A0C91BC942}") = "RUN_TESTS", "RUN_TESTS.vcxproj", "{9A32BBAB-975E-3289-8F2B-FB305107ABC4}"
	ProjectSection(ProjectDependencies) = postProject
		{FF076AC6-6A21-3253-9CEB-BE630C8EB4D3} = {FF076AC6-6A21-3253-9CEB-BE630C8EB4D3}
	EndProjectSection
EndProject
Project("{8BC9CEB8-8B4A-11D0-8D11-00A0C91BC942}") = "SoundTouch", "externals\soundtouch\SoundTouch.vcxproj", "{4C90B5C6-BD21-3CEE-9D10-A23D44AD6EA8}"
	ProjectSection(ProjectDependencies) = postProject
		{FF076AC6-6A21-3253-9CEB-BE630C8EB4D3} = {FF076AC6-6A21-3253-9CEB-BE630C8EB4D3}
	EndProjectSection
EndProject
Project("{8BC9CEB8-8B4A-11D0-8D11-00A0C91BC942}") = "ZERO_CHECK", "ZERO_CHECK.vcxproj", "{FF076AC6-6A21-3253-9CEB-BE630C8EB4D3}"
	ProjectSection(ProjectDependencies) = postProject
	EndProjectSection
EndProject
Project("{8BC9CEB8-8B4A-11D0-8D11-00A0C91BC942}") = "audio_core", "src\audio_core\audio_core.vcxproj", "{790EC616-DBFA-3A27-BCED-058791BB2D6E}"
	ProjectSection(ProjectDependencies) = postProject
		{4C90B5C6-BD21-3CEE-9D10-A23D44AD6EA8} = {4C90B5C6-BD21-3CEE-9D10-A23D44AD6EA8}
		{FF076AC6-6A21-3253-9CEB-BE630C8EB4D3} = {FF076AC6-6A21-3253-9CEB-BE630C8EB4D3}
		{33DD0332-7FF6-3AF2-8257-F503CDEC4742} = {33DD0332-7FF6-3AF2-8257-F503CDEC4742}
		{9C3A2B53-4C91-38E7-A2FE-BA679B371489} = {9C3A2B53-4C91-38E7-A2FE-BA679B371489}
		{D5C6C90F-3BB7-3956-B2D0-7C8B44B86B9C} = {D5C6C90F-3BB7-3956-B2D0-7C8B44B86B9C}
		{782B3F9B-ED7B-377B-8EB4-490464915939} = {782B3F9B-ED7B-377B-8EB4-490464915939}
		{1F68E14B-4832-35B3-8D6A-9A8C3470D0E7} = {1F68E14B-4832-35B3-8D6A-9A8C3470D0E7}
	EndProjectSection
EndProject
Project("{8BC9CEB8-8B4A-11D0-8D11-00A0C91BC942}") = "citra", "src\citra\citra.vcxproj", "{8159E197-3634-3AC0-9B0B-BE2D6FEE7D0B}"
	ProjectSection(ProjectDependencies) = postProject
		{4C90B5C6-BD21-3CEE-9D10-A23D44AD6EA8} = {4C90B5C6-BD21-3CEE-9D10-A23D44AD6EA8}
		{FF076AC6-6A21-3253-9CEB-BE630C8EB4D3} = {FF076AC6-6A21-3253-9CEB-BE630C8EB4D3}
		{33DD0332-7FF6-3AF2-8257-F503CDEC4742} = {33DD0332-7FF6-3AF2-8257-F503CDEC4742}
		{4E61BBE8-FF8F-36D2-8183-E4632D73075D} = {4E61BBE8-FF8F-36D2-8183-E4632D73075D}
		{9C3A2B53-4C91-38E7-A2FE-BA679B371489} = {9C3A2B53-4C91-38E7-A2FE-BA679B371489}
		{D5C6C90F-3BB7-3956-B2D0-7C8B44B86B9C} = {D5C6C90F-3BB7-3956-B2D0-7C8B44B86B9C}
		{782B3F9B-ED7B-377B-8EB4-490464915939} = {782B3F9B-ED7B-377B-8EB4-490464915939}
		{08FA151D-98FD-3811-BCE7-DD21BCA79561} = {08FA151D-98FD-3811-BCE7-DD21BCA79561}
		{1F68E14B-4832-35B3-8D6A-9A8C3470D0E7} = {1F68E14B-4832-35B3-8D6A-9A8C3470D0E7}
		{6F54CDA6-BAAB-3642-A595-AB5302D48E1B} = {6F54CDA6-BAAB-3642-A595-AB5302D48E1B}
		{5D3BDF17-49BC-3F84-92CC-FFA52EF34528} = {5D3BDF17-49BC-3F84-92CC-FFA52EF34528}
	EndProjectSection
EndProject
Project("{8BC9CEB8-8B4A-11D0-8D11-00A0C91BC942}") = "citra-qt", "src\citra_qt\citra-qt.vcxproj", "{27694D1B-0429-360A-9707-64F884738010}"
	ProjectSection(ProjectDependencies) = postProject
		{4C90B5C6-BD21-3CEE-9D10-A23D44AD6EA8} = {4C90B5C6-BD21-3CEE-9D10-A23D44AD6EA8}
		{FF076AC6-6A21-3253-9CEB-BE630C8EB4D3} = {FF076AC6-6A21-3253-9CEB-BE630C8EB4D3}
		{56B518D0-35D4-3078-A7EB-11D08EB57C51} = {56B518D0-35D4-3078-A7EB-11D08EB57C51}
		{33DD0332-7FF6-3AF2-8257-F503CDEC4742} = {33DD0332-7FF6-3AF2-8257-F503CDEC4742}
		{4E61BBE8-FF8F-36D2-8183-E4632D73075D} = {4E61BBE8-FF8F-36D2-8183-E4632D73075D}
		{9C3A2B53-4C91-38E7-A2FE-BA679B371489} = {9C3A2B53-4C91-38E7-A2FE-BA679B371489}
		{D5C6C90F-3BB7-3956-B2D0-7C8B44B86B9C} = {D5C6C90F-3BB7-3956-B2D0-7C8B44B86B9C}
		{782B3F9B-ED7B-377B-8EB4-490464915939} = {782B3F9B-ED7B-377B-8EB4-490464915939}
		{1F68E14B-4832-35B3-8D6A-9A8C3470D0E7} = {1F68E14B-4832-35B3-8D6A-9A8C3470D0E7}
		{5D3BDF17-49BC-3F84-92CC-FFA52EF34528} = {5D3BDF17-49BC-3F84-92CC-FFA52EF34528}
	EndProjectSection
EndProject
Project("{8BC9CEB8-8B4A-11D0-8D11-00A0C91BC942}") = "citra-qt_autogen", "src\citra_qt\citra-qt_autogen.vcxproj", "{56B518D0-35D4-3078-A7EB-11D08EB57C51}"
	ProjectSection(ProjectDependencies) = postProject
		{FF076AC6-6A21-3253-9CEB-BE630C8EB4D3} = {FF076AC6-6A21-3253-9CEB-BE630C8EB4D3}
		{33DD0332-7FF6-3AF2-8257-F503CDEC4742} = {33DD0332-7FF6-3AF2-8257-F503CDEC4742}
		{4E61BBE8-FF8F-36D2-8183-E4632D73075D} = {4E61BBE8-FF8F-36D2-8183-E4632D73075D}
		{1F68E14B-4832-35B3-8D6A-9A8C3470D0E7} = {1F68E14B-4832-35B3-8D6A-9A8C3470D0E7}
		{5D3BDF17-49BC-3F84-92CC-FFA52EF34528} = {5D3BDF17-49BC-3F84-92CC-FFA52EF34528}
	EndProjectSection
EndProject
Project("{8BC9CEB8-8B4A-11D0-8D11-00A0C91BC942}") = "common", "src\common\common.vcxproj", "{33DD0332-7FF6-3AF2-8257-F503CDEC4742}"
	ProjectSection(ProjectDependencies) = postProject
		{FF076AC6-6A21-3253-9CEB-BE630C8EB4D3} = {FF076AC6-6A21-3253-9CEB-BE630C8EB4D3}
	EndProjectSection
EndProject
Project("{8BC9CEB8-8B4A-11D0-8D11-00A0C91BC942}") = "core", "src\core\core.vcxproj", "{4E61BBE8-FF8F-36D2-8183-E4632D73075D}"
	ProjectSection(ProjectDependencies) = postProject
		{8DB16193-26A0-3D64-8195-79C04AB3DE43} = {8DB16193-26A0-3D64-8195-79C04AB3DE43}
	EndProjectSection
EndProject
Project("{8BC9CEB8-8B4A-11D0-8D11-00A0C91BC942}") = "cryptopp", "externals\cryptopp\cryptopp.vcxproj", "{9C3A2B53-4C91-38E7-A2FE-BA679B371489}"
	ProjectSection(ProjectDependencies) = postProject
		{FF076AC6-6A21-3253-9CEB-BE630C8EB4D3} = {FF076AC6-6A21-3253-9CEB-BE630C8EB4D3}
	EndProjectSection
EndProject
Project("{8BC9CEB8-8B4A-11D0-8D11-00A0C91BC942}") = "dynarmic", "externals\dynarmic\src\dynarmic.vcxproj", "{D5C6C90F-3BB7-3956-B2D0-7C8B44B86B9C}"
	ProjectSection(ProjectDependencies) = postProject
		{FF076AC6-6A21-3253-9CEB-BE630C8EB4D3} = {FF076AC6-6A21-3253-9CEB-BE630C8EB4D3}
		{782B3F9B-ED7B-377B-8EB4-490464915939} = {782B3F9B-ED7B-377B-8EB4-490464915939}
	EndProjectSection
EndProject
Project("{8BC9CEB8-8B4A-11D0-8D11-00A0C91BC942}") = "fmt", "externals\fmt\fmt\fmt.vcxproj", "{782B3F9B-ED7B-377B-8EB4-490464915939}"
	ProjectSection(ProjectDependencies) = postProject
		{FF076AC6-6A21-3253-9CEB-BE630C8EB4D3} = {FF076AC6-6A21-3253-9CEB-BE630C8EB4D3}
	EndProjectSection
EndProject
Project("{8BC9CEB8-8B4A-11D0-8D11-00A0C91BC942}") = "getopt", "externals\getopt\getopt.vcxproj", "{08FA151D-98FD-3811-BCE7-DD21BCA79561}"
	ProjectSection(ProjectDependencies) = postProject
		{FF076AC6-6A21-3253-9CEB-BE630C8EB4D3} = {FF076AC6-6A21-3253-9CEB-BE630C8EB4D3}
	EndProjectSection
EndProject
Project("{8BC9CEB8-8B4A-11D0-8D11-00A0C91BC942}") = "glad", "externals\glad\glad.vcxproj", "{1F68E14B-4832-35B3-8D6A-9A8C3470D0E7}"
	ProjectSection(ProjectDependencies) = postProject
		{FF076AC6-6A21-3253-9CEB-BE630C8EB4D3} = {FF076AC6-6A21-3253-9CEB-BE630C8EB4D3}
	EndProjectSection
EndProject
Project("{8BC9CEB8-8B4A-11D0-8D11-00A0C91BC942}") = "inih", "externals\inih\inih.vcxproj", "{6F54CDA6-BAAB-3642-A595-AB5302D48E1B}"
	ProjectSection(ProjectDependencies) = postProject
		{FF076AC6-6A21-3253-9CEB-BE630C8EB4D3} = {FF076AC6-6A21-3253-9CEB-BE630C8EB4D3}
	EndProjectSection
EndProject
Project("{8BC9CEB8-8B4A-11D0-8D11-00A0C91BC942}") = "input_common", "src\input_common\input_common.vcxproj", "{5D3BDF17-49BC-3F84-92CC-FFA52EF34528}"
	ProjectSection(ProjectDependencies) = postProject
		{4C90B5C6-BD21-3CEE-9D10-A23D44AD6EA8} = {4C90B5C6-BD21-3CEE-9D10-A23D44AD6EA8}
		{FF076AC6-6A21-3253-9CEB-BE630C8EB4D3} = {FF076AC6-6A21-3253-9CEB-BE630C8EB4D3}
		{33DD0332-7FF6-3AF2-8257-F503CDEC4742} = {33DD0332-7FF6-3AF2-8257-F503CDEC4742}
		{4E61BBE8-FF8F-36D2-8183-E4632D73075D} = {4E61BBE8-FF8F-36D2-8183-E4632D73075D}
		{9C3A2B53-4C91-38E7-A2FE-BA679B371489} = {9C3A2B53-4C91-38E7-A2FE-BA679B371489}
		{D5C6C90F-3BB7-3956-B2D0-7C8B44B86B9C} = {D5C6C90F-3BB7-3956-B2D0-7C8B44B86B9C}
		{782B3F9B-ED7B-377B-8EB4-490464915939} = {782B3F9B-ED7B-377B-8EB4-490464915939}
		{1F68E14B-4832-35B3-8D6A-9A8C3470D0E7} = {1F68E14B-4832-35B3-8D6A-9A8C3470D0E7}
	EndProjectSection
EndProject
Project("{8BC9CEB8-8B4A-11D0-8D11-00A0C91BC942}") = "tests", "src\tests\tests.vcxproj", "{BF1A78B8-6379-37D2-B6C5-D9911EE56BA2}"
	ProjectSection(ProjectDependencies) = postProject
		{4C90B5C6-BD21-3CEE-9D10-A23D44AD6EA8} = {4C90B5C6-BD21-3CEE-9D10-A23D44AD6EA8}
		{FF076AC6-6A21-3253-9CEB-BE630C8EB4D3} = {FF076AC6-6A21-3253-9CEB-BE630C8EB4D3}
		{33DD0332-7FF6-3AF2-8257-F503CDEC4742} = {33DD0332-7FF6-3AF2-8257-F503CDEC4742}
		{4E61BBE8-FF8F-36D2-8183-E4632D73075D} = {4E61BBE8-FF8F-36D2-8183-E4632D73075D}
		{9C3A2B53-4C91-38E7-A2FE-BA679B371489} = {9C3A2B53-4C91-38E7-A2FE-BA679B371489}
		{D5C6C90F-3BB7-3956-B2D0-7C8B44B86B9C} = {D5C6C90F-3BB7-3956-B2D0-7C8B44B86B9C}
		{782B3F9B-ED7B-377B-8EB4-490464915939} = {782B3F9B-ED7B-377B-8EB4-490464915939}
		{1F68E14B-4832-35B3-8D6A-9A8C3470D0E7} = {1F68E14B-4832-35B3-8D6A-9A8C3470D0E7}
	EndProjectSection
EndProject
Project("{8BC9CEB8-8B4A-11D0-8D11-00A0C91BC942}") = "video_core", "src\video_core\video_core.vcxproj", "{8DB16193-26A0-3D64-8195-79C04AB3DE43}"
	ProjectSection(ProjectDependencies) = postProject
		{790EC616-DBFA-3A27-BCED-058791BB2D6E} = {790EC616-DBFA-3A27-BCED-058791BB2D6E}
	EndProjectSection
EndProject
Global
	GlobalSection(SolutionConfigurationPlatforms) = preSolution
		Debug|x64 = Debug|x64
		Release|x64 = Release|x64
	EndGlobalSection
	GlobalSection(ProjectConfigurationPlatforms) = postSolution
		{2B8FDAD8-BB75-36D9-9396-BE3A2923B4F8}.Debug|x64.ActiveCfg = Debug|x64
		{2B8FDAD8-BB75-36D9-9396-BE3A2923B4F8}.Release|x64.ActiveCfg = Release|x64
		{9A32BBAB-975E-3289-8F2B-FB305107ABC4}.Debug|x64.ActiveCfg = Debug|x64
		{9A32BBAB-975E-3289-8F2B-FB305107ABC4}.Release|x64.ActiveCfg = Release|x64
		{4C90B5C6-BD21-3CEE-9D10-A23D44AD6EA8}.Debug|x64.ActiveCfg = Debug|x64
		{4C90B5C6-BD21-3CEE-9D10-A23D44AD6EA8}.Debug|x64.Build.0 = Debug|x64
		{4C90B5C6-BD21-3CEE-9D10-A23D44AD6EA8}.Release|x64.ActiveCfg = Release|x64
		{4C90B5C6-BD21-3CEE-9D10-A23D44AD6EA8}.Release|x64.Build.0 = Release|x64
		{FF076AC6-6A21-3253-9CEB-BE630C8EB4D3}.Debug|x64.ActiveCfg = Debug|x64
		{FF076AC6-6A21-3253-9CEB-BE630C8EB4D3}.Debug|x64.Build.0 = Debug|x64
		{FF076AC6-6A21-3253-9CEB-BE630C8EB4D3}.Release|x64.ActiveCfg = Release|x64
		{FF076AC6-6A21-3253-9CEB-BE630C8EB4D3}.Release|x64.Build.0 = Release|x64
		{790EC616-DBFA-3A27-BCED-058791BB2D6E}.Debug|x64.ActiveCfg = Debug|x64
		{790EC616-DBFA-3A27-BCED-058791BB2D6E}.Debug|x64.Build.0 = Debug|x64
		{790EC616-DBFA-3A27-BCED-058791BB2D6E}.Release|x64.ActiveCfg = Release|x64
		{790EC616-DBFA-3A27-BCED-058791BB2D6E}.Release|x64.Build.0 = Release|x64
		{8159E197-3634-3AC0-9B0B-BE2D6FEE7D0B}.Debug|x64.ActiveCfg = Debug|x64
		{8159E197-3634-3AC0-9B0B-BE2D6FEE7D0B}.Debug|x64.Build.0 = Debug|x64
		{8159E197-3634-3AC0-9B0B-BE2D6FEE7D0B}.Release|x64.ActiveCfg = Release|x64
		{8159E197-3634-3AC0-9B0B-BE2D6FEE7D0B}.Release|x64.Build.0 = Release|x64
		{27694D1B-0429-360A-9707-64F884738010}.Debug|x64.ActiveCfg = Debug|x64
		{27694D1B-0429-360A-9707-64F884738010}.Debug|x64.Build.0 = Debug|x64
		{27694D1B-0429-360A-9707-64F884738010}.Release|x64.ActiveCfg = Release|x64
		{27694D1B-0429-360A-9707-64F884738010}.Release|x64.Build.0 = Release|x64
		{56B518D0-35D4-3078-A7EB-11D08EB57C51}.Debug|x64.ActiveCfg = Debug|x64
		{56B518D0-35D4-3078-A7EB-11D08EB57C51}.Debug|x64.Build.0 = Debug|x64
		{56B518D0-35D4-3078-A7EB-11D08EB57C51}.Release|x64.ActiveCfg = Release|x64
		{56B518D0-35D4-3078-A7EB-11D08EB57C51}.Release|x64.Build.0 = Release|x64
		{33DD0332-7FF6-3AF2-8257-F503CDEC4742}.Debug|x64.ActiveCfg = Debug|x64
		{33DD0332-7FF6-3AF2-8257-F503CDEC4742}.Debug|x64.Build.0 = Debug|x64
		{33DD0332-7FF6-3AF2-8257-F503CDEC4742}.Release|x64.ActiveCfg = Release|x64
		{33DD0332-7FF6-3AF2-8257-F503CDEC4742}.Release|x64.Build.0 = Release|x64
		{4E61BBE8-FF8F-36D2-8183-E4632D73075D}.Debug|x64.ActiveCfg = Debug|x64
		{4E61BBE8-FF8F-36D2-8183-E4632D73075D}.Debug|x64.Build.0 = Debug|x64
		{4E61BBE8-FF8F-36D2-8183-E4632D73075D}.Release|x64.ActiveCfg = Release|x64
		{4E61BBE8-FF8F-36D2-8183-E4632D73075D}.Release|x64.Build.0 = Release|x64
		{9C3A2B53-4C91-38E7-A2FE-BA679B371489}.Debug|x64.ActiveCfg = Debug|x64
		{9C3A2B53-4C91-38E7-A2FE-BA679B371489}.Debug|x64.Build.0 = Debug|x64
		{9C3A2B53-4C91-38E7-A2FE-BA679B371489}.Release|x64.ActiveCfg = Release|x64
		{9C3A2B53-4C91-38E7-A2FE-BA679B371489}.Release|x64.Build.0 = Release|x64
		{D5C6C90F-3BB7-3956-B2D0-7C8B44B86B9C}.Debug|x64.ActiveCfg = Debug|x64
		{D5C6C90F-3BB7-3956-B2D0-7C8B44B86B9C}.Debug|x64.Build.0 = Debug|x64
		{D5C6C90F-3BB7-3956-B2D0-7C8B44B86B9C}.Release|x64.ActiveCfg = Release|x64
		{D5C6C90F-3BB7-3956-B2D0-7C8B44B86B9C}.Release|x64.Build.0 = Release|x64
		{782B3F9B-ED7B-377B-8EB4-490464915939}.Debug|x64.ActiveCfg = Debug|x64
		{782B3F9B-ED7B-377B-8EB4-490464915939}.Debug|x64.Build.0 = Debug|x64
		{782B3F9B-ED7B-377B-8EB4-490464915939}.Release|x64.ActiveCfg = Release|x64
		{782B3F9B-ED7B-377B-8EB4-490464915939}.Release|x64.Build.0 = Release|x64
		{08FA151D-98FD-3811-BCE7-DD21BCA79561}.Debug|x64.ActiveCfg = Debug|x64
		{08FA151D-98FD-3811-BCE7-DD21BCA79561}.Debug|x64.Build.0 = Debug|x64
		{08FA151D-98FD-3811-BCE7-DD21BCA79561}.Release|x64.ActiveCfg = Release|x64
		{08FA151D-98FD-3811-BCE7-DD21BCA79561}.Release|x64.Build.0 = Release|x64
		{1F68E14B-4832-35B3-8D6A-9A8C3470D0E7}.Debug|x64.ActiveCfg = Debug|x64
		{1F68E14B-4832-35B3-8D6A-9A8C3470D0E7}.Debug|x64.Build.0 = Debug|x64
		{1F68E14B-4832-35B3-8D6A-9A8C3470D0E7}.Release|x64.ActiveCfg = Release|x64
		{1F68E14B-4832-35B3-8D6A-9A8C3470D0E7}.Release|x64.Build.0 = Release|x64
		{6F54CDA6-BAAB-3642-A595-AB5302D48E1B}.Debug|x64.ActiveCfg = Debug|x64
		{6F54CDA6-BAAB-3642-A595-AB5302D48E1B}.Debug|x64.Build.0 = Debug|x64
		{6F54CDA6-BAAB-3642-A595-AB5302D48E1B}.Release|x64.ActiveCfg = Release|x64
		{6F54CDA6-BAAB-3642-A595-AB5302D48E1B}.Release|x64.Build.0 = Release|x64
		{5D3BDF17-49BC-3F84-92CC-FFA52EF34528}.Debug|x64.ActiveCfg = Debug|x64
		{5D3BDF17-49BC-3F84-92CC-FFA52EF34528}.Debug|x64.Build.0 = Debug|x64
		{5D3BDF17-49BC-3F84-92CC-FFA52EF34528}.Release|x64.ActiveCfg = Release|x64
		{5D3BDF17-49BC-3F84-92CC-FFA52EF34528}.Release|x64.Build.0 = Release|x64
		{BF1A78B8-6379-37D2-B6C5-D9911EE56BA2}.Debug|x64.ActiveCfg = Debug|x64
		{BF1A78B8-6379-37D2-B6C5-D9911EE56BA2}.Debug|x64.Build.0 = Debug|x64
		{BF1A78B8-6379-37D2-B6C5-D9911EE56BA2}.Release|x64.ActiveCfg = Release|x64
		{BF1A78B8-6379-37D2-B6C5-D9911EE56BA2}.Release|x64.Build.0 = Release|x64
		{8DB16193-26A0-3D64-8195-79C04AB3DE43}.Debug|x64.ActiveCfg = Debug|x64
		{8DB16193-26A0-3D64-8195-79C04AB3DE43}.Debug|x64.Build.0 = Debug|x64
		{8DB16193-26A0-3D64-8195-79C04AB3DE43}.Release|x64.ActiveCfg = Release|x64
		{8DB16193-26A0-3D64-8195-79C04AB3DE43}.Release|x64.Build.0 = Release|x64
	EndGlobalSection
	GlobalSection(ExtensibilityGlobals) = postSolution
	EndGlobalSection
	GlobalSection(ExtensibilityAddIns) = postSolution
	EndGlobalSection
EndGlobal
